
Microsoft Visual Studio Solution File, Format Version 12.00
# Visual Studio Version 16
VisualStudioVersion = 16.0.31005.135
MinimumVisualStudioVersion = 10.0.40219.1
Project("{FAE04EC0-301F-11D3-BF4B-00C04F79EFBC}") = "UntappdMenuHelper", "UntappdMenuHelper\UntappdMenuHelper.csproj", "{988F0BC9-80A9-4BF6-A9EF-3944C62DE3E3}"
EndProject
Global
	GlobalSection(SolutionConfigurationPlatforms) = preSolution
		Debug|Any CPU = Debug|Any CPU
		Release|Any CPU = Release|Any CPU
	EndGlobalSection
	GlobalSection(ProjectConfigurationPlatforms) = postSolution
		{988F0BC9-80A9-4BF6-A9EF-3944C62DE3E3}.Debug|Any CPU.ActiveCfg = Debug|Any CPU
		{988F0BC9-80A9-4BF6-A9EF-3944C62DE3E3}.Debug|Any CPU.Build.0 = Debug|Any CPU
		{988F0BC9-80A9-4BF6-A9EF-3944C62DE3E3}.Release|Any CPU.ActiveCfg = Release|Any CPU
		{988F0BC9-80A9-4BF6-A9EF-3944C62DE3E3}.Release|Any CPU.Build.0 = Release|Any CPU
	EndGlobalSection
	GlobalSection(SolutionProperties) = preSolution
		HideSolutionNode = FALSE
	EndGlobalSection
	GlobalSection(ExtensibilityGlobals) = postSolution
		SolutionGuid = {950A3811-20D5-42B7-A686-D21475CA55EF}
	EndGlobalSection
EndGlobal
